<?xml version="1.0" encoding="utf-8"?>
<Project ToolsVersion="4.0" xmlns="http://schemas.microsoft.com/developer/msbuild/2003">
  <ItemGroup>
    <Filter Include="AmyWare">
      <UniqueIdentifier>{9B4C4A96-072C-C931-1044-54087CA22F93}</UniqueIdentifier>
    </Filter>
    <Filter Include="AmyWare\Events">
      <UniqueIdentifier>{1F5C8EC1-0B2A-82C7-F4BD-F2EDE02A5E2C}</UniqueIdentifier>
    </Filter>
  </ItemGroup>
  <ItemGroup>
    <ClInclude Include="src\AmyWare.h" />
    <ClInclude Include="src\AmyWare\Application.h">
      <Filter>AmyWare</Filter>
    </ClInclude>
    <ClInclude Include="src\AmyWare\Core.h">
      <Filter>AmyWare</Filter>
    </ClInclude>
    <ClInclude Include="src\AmyWare\EntryPoint.h">
      <Filter>AmyWare</Filter>
    </ClInclude>
    <ClInclude Include="src\AmyWare\Events\ApplicationEvent.h">
      <Filter>AmyWare\Events</Filter>
    </ClInclude>
    <ClInclude Include="src\AmyWare\Events\Event.h">
      <Filter>AmyWare\Events</Filter>
    </ClInclude>
    <ClInclude Include="src\AmyWare\Events\KeyEvent.h">
      <Filter>AmyWare\Events</Filter>
    </ClInclude>
    <ClInclude Include="src\AmyWare\Events\MouseEvents.h">
      <Filter>AmyWare\Events</Filter>
    </ClInclude>
    <ClInclude Include="src\AmyWare\Log.h">
      <Filter>AmyWare</Filter>
    </ClInclude>
    <ClInclude Include="src\awpch.h" />
  </ItemGroup>
  <ItemGroup>
    <ClCompile Include="src\AmyWare\Application.cpp">
      <Filter>AmyWare</Filter>
    </ClCompile>
    <ClCompile Include="src\AmyWare\Log.cpp">
      <Filter>AmyWare</Filter>
    </ClCompile>
    <ClCompile Include="src\awpch.cpp" />
  </ItemGroup>
</Project>